
Microsoft Visual Studio Solution File, Format Version 12.00
# Visual Studio Version 17
VisualStudioVersion = 17.11.35303.130
MinimumVisualStudioVersion = 10.0.40219.1
Project("{FAE04EC0-301F-11D3-BF4B-00C04F79EFBC}") = "CSharp基础实践教学", "CSharp基础实践教学\CSharp基础实践教学.csproj", "{47DEF236-0F83-4B91-9C1B-627C5E478BD3}"
EndProject
Global
	GlobalSection(SolutionConfigurationPlatforms) = preSolution
		Debug|Any CPU = Debug|Any CPU
		Release|Any CPU = Release|Any CPU
	EndGlobalSection
	GlobalSection(ProjectConfigurationPlatforms) = postSolution
		{47DEF236-0F83-4B91-9C1B-627C5E478BD3}.Debug|Any CPU.ActiveCfg = Debug|Any CPU
		{47DEF236-0F83-4B91-9C1B-627C5E478BD3}.Debug|Any CPU.Build.0 = Debug|Any CPU
		{47DEF236-0F83-4B91-9C1B-627C5E478BD3}.Release|Any CPU.ActiveCfg = Release|Any CPU
		{47DEF236-0F83-4B91-9C1B-627C5E478BD3}.Release|Any CPU.Build.0 = Release|Any CPU
	EndGlobalSection
	GlobalSection(SolutionProperties) = preSolution
		HideSolutionNode = FALSE
	EndGlobalSection
	GlobalSection(ExtensibilityGlobals) = postSolution
		SolutionGuid = {5C131920-F01E-4167-9B54-BCC736288569}
	EndGlobalSection
EndGlobal
