
Microsoft Visual Studio Solution File, Format Version 12.00
# Visual Studio Version 17
VisualStudioVersion = 17.11.35303.130
MinimumVisualStudioVersion = 10.0.40219.1
Project("{9A19103F-16F7-4668-BE54-9A1E7A4F7556}") = "Lesson1_类和对象", "Lesson1_类和对象\Lesson1_类和对象.csproj", "{5AE419E8-2DFC-472F-969B-E467CA8B1F39}"
EndProject
Project("{9A19103F-16F7-4668-BE54-9A1E7A4F7556}") = "Lesson1_练习题", "Lesson1_练习题\Lesson1_练习题.csproj", "{4AA57306-A954-4B55-BFC1-92C352C30D13}"
EndProject
Project("{9A19103F-16F7-4668-BE54-9A1E7A4F7556}") = "Lesson2_封装_成员变量和访问修饰符", "Lesson2_封装_成员变量和访问修饰符\Lesson2_封装_成员变量和访问修饰符.csproj", "{48232BA1-3109-48D8-82C7-E2B46701EE88}"
EndProject
Project("{9A19103F-16F7-4668-BE54-9A1E7A4F7556}") = "Lesson2_练习题", "Lesson2_练习题\Lesson2_练习题.csproj", "{EB2A394D-8842-4424-8B2F-24565A7B9D13}"
EndProject
Project("{9A19103F-16F7-4668-BE54-9A1E7A4F7556}") = "Lesson3_封装_成员方法", "Lesson3_封装_成员方法\Lesson3_封装_成员方法.csproj", "{2C0AFFEE-1C3D-4C1C-A82F-DF199338B64F}"
EndProject
Project("{9A19103F-16F7-4668-BE54-9A1E7A4F7556}") = "Lesson3_练习题", "Lesson3_练习题\Lesson3_练习题.csproj", "{E3E03B4B-E04B-4303-98D3-371F4066305B}"
EndProject
Project("{9A19103F-16F7-4668-BE54-9A1E7A4F7556}") = "Lesson4_封装_构造函数和析构函数", "Lesson4_封装_构造函数和析构函数\Lesson4_封装_构造函数和析构函数.csproj", "{D299E2D3-DEF6-44BC-A56E-739E04283B19}"
EndProject
Project("{9A19103F-16F7-4668-BE54-9A1E7A4F7556}") = "Lesson4_练习题", "Lesson4_练习题\Lesson4_练习题.csproj", "{B64892AB-CABF-49FF-A527-61B2043FDEEE}"
EndProject
Project("{9A19103F-16F7-4668-BE54-9A1E7A4F7556}") = "Lesson5_封装_成员属性", "Lesson5_成员属性\Lesson5_封装_成员属性.csproj", "{479554FC-4FC6-4849-AB99-3859C8922C9B}"
EndProject
Project("{9A19103F-16F7-4668-BE54-9A1E7A4F7556}") = "Lesson5_练习题", "Lesson5_练习题\Lesson5_练习题.csproj", "{D208C28E-B6ED-4C90-B1D9-EDF24EF00E0A}"
EndProject
Project("{9A19103F-16F7-4668-BE54-9A1E7A4F7556}") = "Lesson6_封装_索引器", "Lesson6_封装_索引器\Lesson6_封装_索引器.csproj", "{9EFD841E-14C9-42AF-93DB-98E75320524F}"
EndProject
Project("{9A19103F-16F7-4668-BE54-9A1E7A4F7556}") = "Lesson6_练习题", "Lesson6_练习题\Lesson6_练习题.csproj", "{1D7AD332-17C9-4E24-A7B8-60F8F282AF43}"
EndProject
Project("{9A19103F-16F7-4668-BE54-9A1E7A4F7556}") = "Lesson7_封装_静态成员", "Lesson7_封装_静态成员\Lesson7_封装_静态成员.csproj", "{7C85F37F-BC18-4A0C-A136-7E6A0440298E}"
EndProject
Project("{9A19103F-16F7-4668-BE54-9A1E7A4F7556}") = "Lesson7_练习题", "Lesson7_练习题\Lesson7_练习题.csproj", "{9A64490A-EC65-45CC-A3E4-E4DDA2F01A1F}"
EndProject
Project("{9A19103F-16F7-4668-BE54-9A1E7A4F7556}") = "Lesson8_封装_静态类和静态构造函数", "Lesson8_封装_静态类和静态函数\Lesson8_封装_静态类和静态构造函数.csproj", "{AD1259BF-4B65-42E4-A337-80AA1C5ABA29}"
EndProject
Project("{9A19103F-16F7-4668-BE54-9A1E7A4F7556}") = "Lesson8_练习题", "Lesson8_练习题\Lesson8_练习题.csproj", "{444F4CBA-9159-402D-AF35-852C65B7B775}"
EndProject
Project("{9A19103F-16F7-4668-BE54-9A1E7A4F7556}") = "Lesson9_封装_拓展方法", "Lesson9_封装_拓展方法\Lesson9_封装_拓展方法.csproj", "{5D03350A-C0AA-487F-800C-5E0CCBB0E8FC}"
EndProject
Project("{9A19103F-16F7-4668-BE54-9A1E7A4F7556}") = "Lesson9_练习题", "Lesson9_练习题\Lesson9_练习题.csproj", "{D4122C32-8C21-4A74-ADF5-D75DDD06EB4A}"
EndProject
Project("{9A19103F-16F7-4668-BE54-9A1E7A4F7556}") = "Lesson10_封装_运算符重载", "Lesson10_封装_运算符重载\Lesson10_封装_运算符重载.csproj", "{109A217D-B5C3-4441-9FDD-8DA439FB7103}"
EndProject
Project("{9A19103F-16F7-4668-BE54-9A1E7A4F7556}") = "Lesson10_练习题", "Lesson10_练习题\Lesson10_练习题.csproj", "{28BE5225-1D6F-41E7-B481-09529306F096}"
EndProject
Project("{9A19103F-16F7-4668-BE54-9A1E7A4F7556}") = "Lesson11_封装_内部类和分部类", "Lesson11_封装_内部类和分部类\Lesson11_封装_内部类和分部类.csproj", "{915F93F1-539B-42F9-A268-49E20B77B669}"
EndProject
Project("{9A19103F-16F7-4668-BE54-9A1E7A4F7556}") = "Lesson12_继承_继承的基本规则", "Lesson12_继承_继承的基本规则\Lesson12_继承_继承的基本规则.csproj", "{52D6BAA8-95AC-49DB-B1D5-4231C42F0E0D}"
EndProject
Project("{9A19103F-16F7-4668-BE54-9A1E7A4F7556}") = "Lesson12_练习题", "Lesson12_练习题\Lesson12_练习题.csproj", "{E082CC64-323B-4395-A486-9026F1460211}"
EndProject
Project("{9A19103F-16F7-4668-BE54-9A1E7A4F7556}") = "Lesson13_继承_里氏替换原则", "Lesson13_继承_里氏替换原则\Lesson13_继承_里氏替换原则.csproj", "{98EEAA7D-AAE8-459F-88DE-F45CE846F5D0}"
EndProject
Project("{9A19103F-16F7-4668-BE54-9A1E7A4F7556}") = "Lesson13_练习题", "Lesson13_练习题\Lesson13_练习题.csproj", "{DC28C02F-CC76-4AFB-A326-CB66A9E05EFB}"
EndProject
Project("{9A19103F-16F7-4668-BE54-9A1E7A4F7556}") = "Lesson14_继承_继承中的构造函数", "Lesson14_继承_继承中的构造函数\Lesson14_继承_继承中的构造函数.csproj", "{8C46AAFA-124C-445F-8E1A-C34C692A63B8}"
EndProject
Project("{9A19103F-16F7-4668-BE54-9A1E7A4F7556}") = "Lesson14_练习题", "Lesson14_练习题\Lesson14_练习题.csproj", "{3F274EDC-AADA-4692-93C7-7D09CDD22A2A}"
EndProject
Project("{9A19103F-16F7-4668-BE54-9A1E7A4F7556}") = "Lesson15_继承_万物之父和装箱拆箱", "Lesson15_继承_万物之父和装箱拆箱\Lesson15_继承_万物之父和装箱拆箱.csproj", "{F5B24F79-4958-4FA4-9D6F-BB640E04C0A1}"
EndProject
Project("{9A19103F-16F7-4668-BE54-9A1E7A4F7556}") = "Lesson15_练习题", "Lesson15_练习题\Lesson15_练习题.csproj", "{8EE1CAF4-5DE0-4917-8C5C-8DD75D23D5FE}"
EndProject
Project("{9A19103F-16F7-4668-BE54-9A1E7A4F7556}") = "Lesson16_继承_密封类", "Lesson16_继承_密封类\Lesson16_继承_密封类.csproj", "{B974C699-D79A-481D-87E9-FC670EE3B58E}"
EndProject
Project("{9A19103F-16F7-4668-BE54-9A1E7A4F7556}") = "Lesson16_练习题", "Lesson16_练习题\Lesson16_练习题.csproj", "{69C99F65-4B43-42F1-8737-9DAB2B382E2B}"
EndProject
Project("{9A19103F-16F7-4668-BE54-9A1E7A4F7556}") = "Lesson17_多态_vob", "Lesson17_多态_vob\Lesson17_多态_vob.csproj", "{DBF11C4A-ED4B-4C53-887A-0D7B27971057}"
EndProject
Project("{9A19103F-16F7-4668-BE54-9A1E7A4F7556}") = "Lesson17_练习题", "Lesson17_练习题\Lesson17_练习题.csproj", "{229437EE-7D1B-4B03-B0C1-68EF09B39CCE}"
EndProject
Project("{9A19103F-16F7-4668-BE54-9A1E7A4F7556}") = "Lesson18_多态_抽象类和抽象方法", "Lesson18_多态_抽象类和抽象方法\Lesson18_多态_抽象类和抽象方法.csproj", "{67E29F99-2D28-46F8-82FE-6B488DE75C7F}"
EndProject
Project("{9A19103F-16F7-4668-BE54-9A1E7A4F7556}") = "Lesson18_练习题", "Lesson18_练习题\Lesson18_练习题.csproj", "{4DAAF11C-3F91-479E-A74D-108E69BCC4E9}"
EndProject
Project("{9A19103F-16F7-4668-BE54-9A1E7A4F7556}") = "Lesson19_多态_接口", "Lesson19_多态_接口\Lesson19_多态_接口.csproj", "{578F348F-349B-4327-A4C3-FDB3F46D7C34}"
EndProject
Project("{9A19103F-16F7-4668-BE54-9A1E7A4F7556}") = "Lesson19_练习题", "Lesson19_练习题\Lesson19_练习题.csproj", "{D1A0D614-E2D0-4399-962A-BE5D02AD5B92}"
EndProject
Project("{9A19103F-16F7-4668-BE54-9A1E7A4F7556}") = "Lesson21_面向对象相关_命名空间", "Lesson21_面向对象相关_命名空间\Lesson21_面向对象相关_命名空间.csproj", "{EC9B5E24-C7D9-4068-8671-CE4E54D1C18D}"
EndProject
Project("{9A19103F-16F7-4668-BE54-9A1E7A4F7556}") = "Lesson21_练习题", "Lesson21_练习题\Lesson21_练习题.csproj", "{92180795-666D-4EF0-A97B-D85D5FF984B7}"
EndProject
Project("{9A19103F-16F7-4668-BE54-9A1E7A4F7556}") = "Lesson22_面向对象相关_万物之父中的方法", "Lesson22_面向对象相关_万物之父中的方法\Lesson22_面向对象相关_万物之父中的方法.csproj", "{5483197A-F32C-4B73-94E4-598DA0983D18}"
EndProject
Project("{9A19103F-16F7-4668-BE54-9A1E7A4F7556}") = "Lesson22_练习题", "Lesson22_练习题\Lesson22_练习题.csproj", "{00200B8C-2B35-42E4-8502-6F05FDA7EB66}"
EndProject
Project("{9A19103F-16F7-4668-BE54-9A1E7A4F7556}") = "Lesson23_面向对象相关_string", "Lesson23_面向对象相关_string\Lesson23_面向对象相关_string.csproj", "{C712334A-E92D-44B5-9246-B8A2084A669D}"
EndProject
Project("{9A19103F-16F7-4668-BE54-9A1E7A4F7556}") = "Lesson23_练习题", "Lesson23_练习题\Lesson23_练习题.csproj", "{E6A1C000-6760-4FE3-BB6A-1E9317A0ED48}"
EndProject
Project("{9A19103F-16F7-4668-BE54-9A1E7A4F7556}") = "Lesson24_面向对象相关_StringBuilder", "Lesson24_面向对象相关_StringBuilder\Lesson24_面向对象相关_StringBuilder.csproj", "{A9E282B5-84E8-46DC-A093-5CA09258AC1F}"
EndProject
Project("{FAE04EC0-301F-11D3-BF4B-00C04F79EFBC}") = "Lesson25_面向对象相关_结构体和类的区别", "Lesson25_面向对象相关_结构体和类的区别\Lesson25_面向对象相关_结构体和类的区别.csproj", "{C9EB1132-138A-4B41-B727-7C7927462453}"
EndProject
Project("{FAE04EC0-301F-11D3-BF4B-00C04F79EFBC}") = "Lesson26_面向对象相关_抽象类和接口的区别", "Lesson25_面向对象相关_抽象类和接口的区别\Lesson26_面向对象相关_抽象类和接口的区别.csproj", "{1D7E7C9B-249C-44C6-85F5-905C785B16C5}"
EndProject
Project("{FAE04EC0-301F-11D3-BF4B-00C04F79EFBC}") = "Lesson20_多态_密封方法", "Lesson20_密封类\Lesson20_多态_密封方法.csproj", "{D2CF32BB-7F58-E4C2-4507-6F6EA0ABC130}"
EndProject
Project("{2150E333-8FDC-42A3-9474-1A3956D46DE8}") = "A Lesson1 - 11 封装", "A Lesson1 - 11 封装", "{02EA681E-C7D8-13C7-8484-4AC65E1B71E8}"
EndProject
Project("{2150E333-8FDC-42A3-9474-1A3956D46DE8}") = "B Lesson12 - 16 继承", "B Lesson12 - 16 继承", "{C2D1EC92-8BC3-4C3A-B3BF-89CEBC9B282E}"
EndProject
Project("{2150E333-8FDC-42A3-9474-1A3956D46DE8}") = "C Lesson17 - 20 多态", "C Lesson17 - 20 多态", "{27E3AEF6-C427-479B-94A2-FF6BE6F866FF}"
EndProject
Project("{2150E333-8FDC-42A3-9474-1A3956D46DE8}") = "D Lesson21 - 26 面向对象相关", "D Lesson21 - 26 面向对象相关", "{283B4E2D-300A-4B85-A0F7-69C01D763AC1}"
EndProject
Project("{2150E333-8FDC-42A3-9474-1A3956D46DE8}") = "练习题", "练习题", "{D194A3E6-B8AF-4D2D-A270-419BC22D0314}"
EndProject
Global
	GlobalSection(SolutionConfigurationPlatforms) = preSolution
		Debug|Any CPU = Debug|Any CPU
		Release|Any CPU = Release|Any CPU
	EndGlobalSection
	GlobalSection(ProjectConfigurationPlatforms) = postSolution
		{5AE419E8-2DFC-472F-969B-E467CA8B1F39}.Debug|Any CPU.ActiveCfg = Debug|Any CPU
		{5AE419E8-2DFC-472F-969B-E467CA8B1F39}.Debug|Any CPU.Build.0 = Debug|Any CPU
		{5AE419E8-2DFC-472F-969B-E467CA8B1F39}.Release|Any CPU.ActiveCfg = Release|Any CPU
		{5AE419E8-2DFC-472F-969B-E467CA8B1F39}.Release|Any CPU.Build.0 = Release|Any CPU
		{4AA57306-A954-4B55-BFC1-92C352C30D13}.Debug|Any CPU.ActiveCfg = Debug|Any CPU
		{4AA57306-A954-4B55-BFC1-92C352C30D13}.Debug|Any CPU.Build.0 = Debug|Any CPU
		{4AA57306-A954-4B55-BFC1-92C352C30D13}.Release|Any CPU.ActiveCfg = Release|Any CPU
		{4AA57306-A954-4B55-BFC1-92C352C30D13}.Release|Any CPU.Build.0 = Release|Any CPU
		{48232BA1-3109-48D8-82C7-E2B46701EE88}.Debug|Any CPU.ActiveCfg = Debug|Any CPU
		{48232BA1-3109-48D8-82C7-E2B46701EE88}.Debug|Any CPU.Build.0 = Debug|Any CPU
		{48232BA1-3109-48D8-82C7-E2B46701EE88}.Release|Any CPU.ActiveCfg = Release|Any CPU
		{48232BA1-3109-48D8-82C7-E2B46701EE88}.Release|Any CPU.Build.0 = Release|Any CPU
		{EB2A394D-8842-4424-8B2F-24565A7B9D13}.Debug|Any CPU.ActiveCfg = Debug|Any CPU
		{EB2A394D-8842-4424-8B2F-24565A7B9D13}.Debug|Any CPU.Build.0 = Debug|Any CPU
		{EB2A394D-8842-4424-8B2F-24565A7B9D13}.Release|Any CPU.ActiveCfg = Release|Any CPU
		{EB2A394D-8842-4424-8B2F-24565A7B9D13}.Release|Any CPU.Build.0 = Release|Any CPU
		{2C0AFFEE-1C3D-4C1C-A82F-DF199338B64F}.Debug|Any CPU.ActiveCfg = Debug|Any CPU
		{2C0AFFEE-1C3D-4C1C-A82F-DF199338B64F}.Debug|Any CPU.Build.0 = Debug|Any CPU
		{2C0AFFEE-1C3D-4C1C-A82F-DF199338B64F}.Release|Any CPU.ActiveCfg = Release|Any CPU
		{2C0AFFEE-1C3D-4C1C-A82F-DF199338B64F}.Release|Any CPU.Build.0 = Release|Any CPU
		{E3E03B4B-E04B-4303-98D3-371F4066305B}.Debug|Any CPU.ActiveCfg = Debug|Any CPU
		{E3E03B4B-E04B-4303-98D3-371F4066305B}.Debug|Any CPU.Build.0 = Debug|Any CPU
		{E3E03B4B-E04B-4303-98D3-371F4066305B}.Release|Any CPU.ActiveCfg = Release|Any CPU
		{E3E03B4B-E04B-4303-98D3-371F4066305B}.Release|Any CPU.Build.0 = Release|Any CPU
		{D299E2D3-DEF6-44BC-A56E-739E04283B19}.Debug|Any CPU.ActiveCfg = Debug|Any CPU
		{D299E2D3-DEF6-44BC-A56E-739E04283B19}.Debug|Any CPU.Build.0 = Debug|Any CPU
		{D299E2D3-DEF6-44BC-A56E-739E04283B19}.Release|Any CPU.ActiveCfg = Release|Any CPU
		{D299E2D3-DEF6-44BC-A56E-739E04283B19}.Release|Any CPU.Build.0 = Release|Any CPU
		{B64892AB-CABF-49FF-A527-61B2043FDEEE}.Debug|Any CPU.ActiveCfg = Debug|Any CPU
		{B64892AB-CABF-49FF-A527-61B2043FDEEE}.Debug|Any CPU.Build.0 = Debug|Any CPU
		{B64892AB-CABF-49FF-A527-61B2043FDEEE}.Release|Any CPU.ActiveCfg = Release|Any CPU
		{B64892AB-CABF-49FF-A527-61B2043FDEEE}.Release|Any CPU.Build.0 = Release|Any CPU
		{479554FC-4FC6-4849-AB99-3859C8922C9B}.Debug|Any CPU.ActiveCfg = Debug|Any CPU
		{479554FC-4FC6-4849-AB99-3859C8922C9B}.Debug|Any CPU.Build.0 = Debug|Any CPU
		{479554FC-4FC6-4849-AB99-3859C8922C9B}.Release|Any CPU.ActiveCfg = Release|Any CPU
		{479554FC-4FC6-4849-AB99-3859C8922C9B}.Release|Any CPU.Build.0 = Release|Any CPU
		{D208C28E-B6ED-4C90-B1D9-EDF24EF00E0A}.Debug|Any CPU.ActiveCfg = Debug|Any CPU
		{D208C28E-B6ED-4C90-B1D9-EDF24EF00E0A}.Debug|Any CPU.Build.0 = Debug|Any CPU
		{D208C28E-B6ED-4C90-B1D9-EDF24EF00E0A}.Release|Any CPU.ActiveCfg = Release|Any CPU
		{D208C28E-B6ED-4C90-B1D9-EDF24EF00E0A}.Release|Any CPU.Build.0 = Release|Any CPU
		{9EFD841E-14C9-42AF-93DB-98E75320524F}.Debug|Any CPU.ActiveCfg = Debug|Any CPU
		{9EFD841E-14C9-42AF-93DB-98E75320524F}.Debug|Any CPU.Build.0 = Debug|Any CPU
		{9EFD841E-14C9-42AF-93DB-98E75320524F}.Release|Any CPU.ActiveCfg = Release|Any CPU
		{9EFD841E-14C9-42AF-93DB-98E75320524F}.Release|Any CPU.Build.0 = Release|Any CPU
		{1D7AD332-17C9-4E24-A7B8-60F8F282AF43}.Debug|Any CPU.ActiveCfg = Debug|Any CPU
		{1D7AD332-17C9-4E24-A7B8-60F8F282AF43}.Debug|Any CPU.Build.0 = Debug|Any CPU
		{1D7AD332-17C9-4E24-A7B8-60F8F282AF43}.Release|Any CPU.ActiveCfg = Release|Any CPU
		{1D7AD332-17C9-4E24-A7B8-60F8F282AF43}.Release|Any CPU.Build.0 = Release|Any CPU
		{7C85F37F-BC18-4A0C-A136-7E6A0440298E}.Debug|Any CPU.ActiveCfg = Debug|Any CPU
		{7C85F37F-BC18-4A0C-A136-7E6A0440298E}.Debug|Any CPU.Build.0 = Debug|Any CPU
		{7C85F37F-BC18-4A0C-A136-7E6A0440298E}.Release|Any CPU.ActiveCfg = Release|Any CPU
		{7C85F37F-BC18-4A0C-A136-7E6A0440298E}.Release|Any CPU.Build.0 = Release|Any CPU
		{9A64490A-EC65-45CC-A3E4-E4DDA2F01A1F}.Debug|Any CPU.ActiveCfg = Debug|Any CPU
		{9A64490A-EC65-45CC-A3E4-E4DDA2F01A1F}.Debug|Any CPU.Build.0 = Debug|Any CPU
		{9A64490A-EC65-45CC-A3E4-E4DDA2F01A1F}.Release|Any CPU.ActiveCfg = Release|Any CPU
		{9A64490A-EC65-45CC-A3E4-E4DDA2F01A1F}.Release|Any CPU.Build.0 = Release|Any CPU
		{AD1259BF-4B65-42E4-A337-80AA1C5ABA29}.Debug|Any CPU.ActiveCfg = Debug|Any CPU
		{AD1259BF-4B65-42E4-A337-80AA1C5ABA29}.Debug|Any CPU.Build.0 = Debug|Any CPU
		{AD1259BF-4B65-42E4-A337-80AA1C5ABA29}.Release|Any CPU.ActiveCfg = Release|Any CPU
		{AD1259BF-4B65-42E4-A337-80AA1C5ABA29}.Release|Any CPU.Build.0 = Release|Any CPU
		{444F4CBA-9159-402D-AF35-852C65B7B775}.Debug|Any CPU.ActiveCfg = Debug|Any CPU
		{444F4CBA-9159-402D-AF35-852C65B7B775}.Debug|Any CPU.Build.0 = Debug|Any CPU
		{444F4CBA-9159-402D-AF35-852C65B7B775}.Release|Any CPU.ActiveCfg = Release|Any CPU
		{444F4CBA-9159-402D-AF35-852C65B7B775}.Release|Any CPU.Build.0 = Release|Any CPU
		{5D03350A-C0AA-487F-800C-5E0CCBB0E8FC}.Debug|Any CPU.ActiveCfg = Debug|Any CPU
		{5D03350A-C0AA-487F-800C-5E0CCBB0E8FC}.Debug|Any CPU.Build.0 = Debug|Any CPU
		{5D03350A-C0AA-487F-800C-5E0CCBB0E8FC}.Release|Any CPU.ActiveCfg = Release|Any CPU
		{5D03350A-C0AA-487F-800C-5E0CCBB0E8FC}.Release|Any CPU.Build.0 = Release|Any CPU
		{D4122C32-8C21-4A74-ADF5-D75DDD06EB4A}.Debug|Any CPU.ActiveCfg = Debug|Any CPU
		{D4122C32-8C21-4A74-ADF5-D75DDD06EB4A}.Debug|Any CPU.Build.0 = Debug|Any CPU
		{D4122C32-8C21-4A74-ADF5-D75DDD06EB4A}.Release|Any CPU.ActiveCfg = Release|Any CPU
		{D4122C32-8C21-4A74-ADF5-D75DDD06EB4A}.Release|Any CPU.Build.0 = Release|Any CPU
		{109A217D-B5C3-4441-9FDD-8DA439FB7103}.Debug|Any CPU.ActiveCfg = Debug|Any CPU
		{109A217D-B5C3-4441-9FDD-8DA439FB7103}.Debug|Any CPU.Build.0 = Debug|Any CPU
		{109A217D-B5C3-4441-9FDD-8DA439FB7103}.Release|Any CPU.ActiveCfg = Release|Any CPU
		{109A217D-B5C3-4441-9FDD-8DA439FB7103}.Release|Any CPU.Build.0 = Release|Any CPU
		{28BE5225-1D6F-41E7-B481-09529306F096}.Debug|Any CPU.ActiveCfg = Debug|Any CPU
		{28BE5225-1D6F-41E7-B481-09529306F096}.Debug|Any CPU.Build.0 = Debug|Any CPU
		{28BE5225-1D6F-41E7-B481-09529306F096}.Release|Any CPU.ActiveCfg = Release|Any CPU
		{28BE5225-1D6F-41E7-B481-09529306F096}.Release|Any CPU.Build.0 = Release|Any CPU
		{915F93F1-539B-42F9-A268-49E20B77B669}.Debug|Any CPU.ActiveCfg = Debug|Any CPU
		{915F93F1-539B-42F9-A268-49E20B77B669}.Debug|Any CPU.Build.0 = Debug|Any CPU
		{915F93F1-539B-42F9-A268-49E20B77B669}.Release|Any CPU.ActiveCfg = Release|Any CPU
		{915F93F1-539B-42F9-A268-49E20B77B669}.Release|Any CPU.Build.0 = Release|Any CPU
		{52D6BAA8-95AC-49DB-B1D5-4231C42F0E0D}.Debug|Any CPU.ActiveCfg = Debug|Any CPU
		{52D6BAA8-95AC-49DB-B1D5-4231C42F0E0D}.Debug|Any CPU.Build.0 = Debug|Any CPU
		{52D6BAA8-95AC-49DB-B1D5-4231C42F0E0D}.Release|Any CPU.ActiveCfg = Release|Any CPU
		{52D6BAA8-95AC-49DB-B1D5-4231C42F0E0D}.Release|Any CPU.Build.0 = Release|Any CPU
		{E082CC64-323B-4395-A486-9026F1460211}.Debug|Any CPU.ActiveCfg = Debug|Any CPU
		{E082CC64-323B-4395-A486-9026F1460211}.Debug|Any CPU.Build.0 = Debug|Any CPU
		{E082CC64-323B-4395-A486-9026F1460211}.Release|Any CPU.ActiveCfg = Release|Any CPU
		{E082CC64-323B-4395-A486-9026F1460211}.Release|Any CPU.Build.0 = Release|Any CPU
		{98EEAA7D-AAE8-459F-88DE-F45CE846F5D0}.Debug|Any CPU.ActiveCfg = Debug|Any CPU
		{98EEAA7D-AAE8-459F-88DE-F45CE846F5D0}.Debug|Any CPU.Build.0 = Debug|Any CPU
		{98EEAA7D-AAE8-459F-88DE-F45CE846F5D0}.Release|Any CPU.ActiveCfg = Release|Any CPU
		{98EEAA7D-AAE8-459F-88DE-F45CE846F5D0}.Release|Any CPU.Build.0 = Release|Any CPU
		{DC28C02F-CC76-4AFB-A326-CB66A9E05EFB}.Debug|Any CPU.ActiveCfg = Debug|Any CPU
		{DC28C02F-CC76-4AFB-A326-CB66A9E05EFB}.Debug|Any CPU.Build.0 = Debug|Any CPU
		{DC28C02F-CC76-4AFB-A326-CB66A9E05EFB}.Release|Any CPU.ActiveCfg = Release|Any CPU
		{DC28C02F-CC76-4AFB-A326-CB66A9E05EFB}.Release|Any CPU.Build.0 = Release|Any CPU
		{8C46AAFA-124C-445F-8E1A-C34C692A63B8}.Debug|Any CPU.ActiveCfg = Debug|Any CPU
		{8C46AAFA-124C-445F-8E1A-C34C692A63B8}.Debug|Any CPU.Build.0 = Debug|Any CPU
		{8C46AAFA-124C-445F-8E1A-C34C692A63B8}.Release|Any CPU.ActiveCfg = Release|Any CPU
		{8C46AAFA-124C-445F-8E1A-C34C692A63B8}.Release|Any CPU.Build.0 = Release|Any CPU
		{3F274EDC-AADA-4692-93C7-7D09CDD22A2A}.Debug|Any CPU.ActiveCfg = Debug|Any CPU
		{3F274EDC-AADA-4692-93C7-7D09CDD22A2A}.Debug|Any CPU.Build.0 = Debug|Any CPU
		{3F274EDC-AADA-4692-93C7-7D09CDD22A2A}.Release|Any CPU.ActiveCfg = Release|Any CPU
		{3F274EDC-AADA-4692-93C7-7D09CDD22A2A}.Release|Any CPU.Build.0 = Release|Any CPU
		{F5B24F79-4958-4FA4-9D6F-BB640E04C0A1}.Debug|Any CPU.ActiveCfg = Debug|Any CPU
		{F5B24F79-4958-4FA4-9D6F-BB640E04C0A1}.Debug|Any CPU.Build.0 = Debug|Any CPU
		{F5B24F79-4958-4FA4-9D6F-BB640E04C0A1}.Release|Any CPU.ActiveCfg = Release|Any CPU
		{F5B24F79-4958-4FA4-9D6F-BB640E04C0A1}.Release|Any CPU.Build.0 = Release|Any CPU
		{8EE1CAF4-5DE0-4917-8C5C-8DD75D23D5FE}.Debug|Any CPU.ActiveCfg = Debug|Any CPU
		{8EE1CAF4-5DE0-4917-8C5C-8DD75D23D5FE}.Debug|Any CPU.Build.0 = Debug|Any CPU
		{8EE1CAF4-5DE0-4917-8C5C-8DD75D23D5FE}.Release|Any CPU.ActiveCfg = Release|Any CPU
		{8EE1CAF4-5DE0-4917-8C5C-8DD75D23D5FE}.Release|Any CPU.Build.0 = Release|Any CPU
		{B974C699-D79A-481D-87E9-FC670EE3B58E}.Debug|Any CPU.ActiveCfg = Debug|Any CPU
		{B974C699-D79A-481D-87E9-FC670EE3B58E}.Debug|Any CPU.Build.0 = Debug|Any CPU
		{B974C699-D79A-481D-87E9-FC670EE3B58E}.Release|Any CPU.ActiveCfg = Release|Any CPU
		{B974C699-D79A-481D-87E9-FC670EE3B58E}.Release|Any CPU.Build.0 = Release|Any CPU
		{69C99F65-4B43-42F1-8737-9DAB2B382E2B}.Debug|Any CPU.ActiveCfg = Debug|Any CPU
		{69C99F65-4B43-42F1-8737-9DAB2B382E2B}.Debug|Any CPU.Build.0 = Debug|Any CPU
		{69C99F65-4B43-42F1-8737-9DAB2B382E2B}.Release|Any CPU.ActiveCfg = Release|Any CPU
		{69C99F65-4B43-42F1-8737-9DAB2B382E2B}.Release|Any CPU.Build.0 = Release|Any CPU
		{DBF11C4A-ED4B-4C53-887A-0D7B27971057}.Debug|Any CPU.ActiveCfg = Debug|Any CPU
		{DBF11C4A-ED4B-4C53-887A-0D7B27971057}.Debug|Any CPU.Build.0 = Debug|Any CPU
		{DBF11C4A-ED4B-4C53-887A-0D7B27971057}.Release|Any CPU.ActiveCfg = Release|Any CPU
		{DBF11C4A-ED4B-4C53-887A-0D7B27971057}.Release|Any CPU.Build.0 = Release|Any CPU
		{229437EE-7D1B-4B03-B0C1-68EF09B39CCE}.Debug|Any CPU.ActiveCfg = Debug|Any CPU
		{229437EE-7D1B-4B03-B0C1-68EF09B39CCE}.Debug|Any CPU.Build.0 = Debug|Any CPU
		{229437EE-7D1B-4B03-B0C1-68EF09B39CCE}.Release|Any CPU.ActiveCfg = Release|Any CPU
		{229437EE-7D1B-4B03-B0C1-68EF09B39CCE}.Release|Any CPU.Build.0 = Release|Any CPU
		{67E29F99-2D28-46F8-82FE-6B488DE75C7F}.Debug|Any CPU.ActiveCfg = Debug|Any CPU
		{67E29F99-2D28-46F8-82FE-6B488DE75C7F}.Debug|Any CPU.Build.0 = Debug|Any CPU
		{67E29F99-2D28-46F8-82FE-6B488DE75C7F}.Release|Any CPU.ActiveCfg = Release|Any CPU
		{67E29F99-2D28-46F8-82FE-6B488DE75C7F}.Release|Any CPU.Build.0 = Release|Any CPU
		{4DAAF11C-3F91-479E-A74D-108E69BCC4E9}.Debug|Any CPU.ActiveCfg = Debug|Any CPU
		{4DAAF11C-3F91-479E-A74D-108E69BCC4E9}.Debug|Any CPU.Build.0 = Debug|Any CPU
		{4DAAF11C-3F91-479E-A74D-108E69BCC4E9}.Release|Any CPU.ActiveCfg = Release|Any CPU
		{4DAAF11C-3F91-479E-A74D-108E69BCC4E9}.Release|Any CPU.Build.0 = Release|Any CPU
		{578F348F-349B-4327-A4C3-FDB3F46D7C34}.Debug|Any CPU.ActiveCfg = Debug|Any CPU
		{578F348F-349B-4327-A4C3-FDB3F46D7C34}.Debug|Any CPU.Build.0 = Debug|Any CPU
		{578F348F-349B-4327-A4C3-FDB3F46D7C34}.Release|Any CPU.ActiveCfg = Release|Any CPU
		{578F348F-349B-4327-A4C3-FDB3F46D7C34}.Release|Any CPU.Build.0 = Release|Any CPU
		{D1A0D614-E2D0-4399-962A-BE5D02AD5B92}.Debug|Any CPU.ActiveCfg = Debug|Any CPU
		{D1A0D614-E2D0-4399-962A-BE5D02AD5B92}.Debug|Any CPU.Build.0 = Debug|Any CPU
		{D1A0D614-E2D0-4399-962A-BE5D02AD5B92}.Release|Any CPU.ActiveCfg = Release|Any CPU
		{D1A0D614-E2D0-4399-962A-BE5D02AD5B92}.Release|Any CPU.Build.0 = Release|Any CPU
		{EC9B5E24-C7D9-4068-8671-CE4E54D1C18D}.Debug|Any CPU.ActiveCfg = Debug|Any CPU
		{EC9B5E24-C7D9-4068-8671-CE4E54D1C18D}.Debug|Any CPU.Build.0 = Debug|Any CPU
		{EC9B5E24-C7D9-4068-8671-CE4E54D1C18D}.Release|Any CPU.ActiveCfg = Release|Any CPU
		{EC9B5E24-C7D9-4068-8671-CE4E54D1C18D}.Release|Any CPU.Build.0 = Release|Any CPU
		{92180795-666D-4EF0-A97B-D85D5FF984B7}.Debug|Any CPU.ActiveCfg = Debug|Any CPU
		{92180795-666D-4EF0-A97B-D85D5FF984B7}.Debug|Any CPU.Build.0 = Debug|Any CPU
		{92180795-666D-4EF0-A97B-D85D5FF984B7}.Release|Any CPU.ActiveCfg = Release|Any CPU
		{92180795-666D-4EF0-A97B-D85D5FF984B7}.Release|Any CPU.Build.0 = Release|Any CPU
		{5483197A-F32C-4B73-94E4-598DA0983D18}.Debug|Any CPU.ActiveCfg = Debug|Any CPU
		{5483197A-F32C-4B73-94E4-598DA0983D18}.Debug|Any CPU.Build.0 = Debug|Any CPU
		{5483197A-F32C-4B73-94E4-598DA0983D18}.Release|Any CPU.ActiveCfg = Release|Any CPU
		{5483197A-F32C-4B73-94E4-598DA0983D18}.Release|Any CPU.Build.0 = Release|Any CPU
		{00200B8C-2B35-42E4-8502-6F05FDA7EB66}.Debug|Any CPU.ActiveCfg = Debug|Any CPU
		{00200B8C-2B35-42E4-8502-6F05FDA7EB66}.Debug|Any CPU.Build.0 = Debug|Any CPU
		{00200B8C-2B35-42E4-8502-6F05FDA7EB66}.Release|Any CPU.ActiveCfg = Release|Any CPU
		{00200B8C-2B35-42E4-8502-6F05FDA7EB66}.Release|Any CPU.Build.0 = Release|Any CPU
		{C712334A-E92D-44B5-9246-B8A2084A669D}.Debug|Any CPU.ActiveCfg = Debug|Any CPU
		{C712334A-E92D-44B5-9246-B8A2084A669D}.Debug|Any CPU.Build.0 = Debug|Any CPU
		{C712334A-E92D-44B5-9246-B8A2084A669D}.Release|Any CPU.ActiveCfg = Release|Any CPU
		{C712334A-E92D-44B5-9246-B8A2084A669D}.Release|Any CPU.Build.0 = Release|Any CPU
		{E6A1C000-6760-4FE3-BB6A-1E9317A0ED48}.Debug|Any CPU.ActiveCfg = Debug|Any CPU
		{E6A1C000-6760-4FE3-BB6A-1E9317A0ED48}.Debug|Any CPU.Build.0 = Debug|Any CPU
		{E6A1C000-6760-4FE3-BB6A-1E9317A0ED48}.Release|Any CPU.ActiveCfg = Release|Any CPU
		{E6A1C000-6760-4FE3-BB6A-1E9317A0ED48}.Release|Any CPU.Build.0 = Release|Any CPU
		{A9E282B5-84E8-46DC-A093-5CA09258AC1F}.Debug|Any CPU.ActiveCfg = Debug|Any CPU
		{A9E282B5-84E8-46DC-A093-5CA09258AC1F}.Debug|Any CPU.Build.0 = Debug|Any CPU
		{A9E282B5-84E8-46DC-A093-5CA09258AC1F}.Release|Any CPU.ActiveCfg = Release|Any CPU
		{A9E282B5-84E8-46DC-A093-5CA09258AC1F}.Release|Any CPU.Build.0 = Release|Any CPU
		{C9EB1132-138A-4B41-B727-7C7927462453}.Debug|Any CPU.ActiveCfg = Debug|Any CPU
		{C9EB1132-138A-4B41-B727-7C7927462453}.Debug|Any CPU.Build.0 = Debug|Any CPU
		{C9EB1132-138A-4B41-B727-7C7927462453}.Release|Any CPU.ActiveCfg = Release|Any CPU
		{C9EB1132-138A-4B41-B727-7C7927462453}.Release|Any CPU.Build.0 = Release|Any CPU
		{1D7E7C9B-249C-44C6-85F5-905C785B16C5}.Debug|Any CPU.ActiveCfg = Debug|Any CPU
		{1D7E7C9B-249C-44C6-85F5-905C785B16C5}.Debug|Any CPU.Build.0 = Debug|Any CPU
		{1D7E7C9B-249C-44C6-85F5-905C785B16C5}.Release|Any CPU.ActiveCfg = Release|Any CPU
		{1D7E7C9B-249C-44C6-85F5-905C785B16C5}.Release|Any CPU.Build.0 = Release|Any CPU
		{D2CF32BB-7F58-E4C2-4507-6F6EA0ABC130}.Debug|Any CPU.ActiveCfg = Debug|Any CPU
		{D2CF32BB-7F58-E4C2-4507-6F6EA0ABC130}.Debug|Any CPU.Build.0 = Debug|Any CPU
		{D2CF32BB-7F58-E4C2-4507-6F6EA0ABC130}.Release|Any CPU.ActiveCfg = Release|Any CPU
		{D2CF32BB-7F58-E4C2-4507-6F6EA0ABC130}.Release|Any CPU.Build.0 = Release|Any CPU
	EndGlobalSection
	GlobalSection(SolutionProperties) = preSolution
		HideSolutionNode = FALSE
	EndGlobalSection
	GlobalSection(NestedProjects) = preSolution
		{5AE419E8-2DFC-472F-969B-E467CA8B1F39} = {02EA681E-C7D8-13C7-8484-4AC65E1B71E8}
		{4AA57306-A954-4B55-BFC1-92C352C30D13} = {D194A3E6-B8AF-4D2D-A270-419BC22D0314}
		{48232BA1-3109-48D8-82C7-E2B46701EE88} = {02EA681E-C7D8-13C7-8484-4AC65E1B71E8}
		{EB2A394D-8842-4424-8B2F-24565A7B9D13} = {D194A3E6-B8AF-4D2D-A270-419BC22D0314}
		{2C0AFFEE-1C3D-4C1C-A82F-DF199338B64F} = {02EA681E-C7D8-13C7-8484-4AC65E1B71E8}
		{E3E03B4B-E04B-4303-98D3-371F4066305B} = {D194A3E6-B8AF-4D2D-A270-419BC22D0314}
		{D299E2D3-DEF6-44BC-A56E-739E04283B19} = {02EA681E-C7D8-13C7-8484-4AC65E1B71E8}
		{B64892AB-CABF-49FF-A527-61B2043FDEEE} = {D194A3E6-B8AF-4D2D-A270-419BC22D0314}
		{479554FC-4FC6-4849-AB99-3859C8922C9B} = {02EA681E-C7D8-13C7-8484-4AC65E1B71E8}
		{D208C28E-B6ED-4C90-B1D9-EDF24EF00E0A} = {D194A3E6-B8AF-4D2D-A270-419BC22D0314}
		{9EFD841E-14C9-42AF-93DB-98E75320524F} = {02EA681E-C7D8-13C7-8484-4AC65E1B71E8}
		{1D7AD332-17C9-4E24-A7B8-60F8F282AF43} = {D194A3E6-B8AF-4D2D-A270-419BC22D0314}
		{7C85F37F-BC18-4A0C-A136-7E6A0440298E} = {02EA681E-C7D8-13C7-8484-4AC65E1B71E8}
		{9A64490A-EC65-45CC-A3E4-E4DDA2F01A1F} = {D194A3E6-B8AF-4D2D-A270-419BC22D0314}
		{AD1259BF-4B65-42E4-A337-80AA1C5ABA29} = {02EA681E-C7D8-13C7-8484-4AC65E1B71E8}
		{444F4CBA-9159-402D-AF35-852C65B7B775} = {D194A3E6-B8AF-4D2D-A270-419BC22D0314}
		{5D03350A-C0AA-487F-800C-5E0CCBB0E8FC} = {02EA681E-C7D8-13C7-8484-4AC65E1B71E8}
		{D4122C32-8C21-4A74-ADF5-D75DDD06EB4A} = {D194A3E6-B8AF-4D2D-A270-419BC22D0314}
		{109A217D-B5C3-4441-9FDD-8DA439FB7103} = {02EA681E-C7D8-13C7-8484-4AC65E1B71E8}
		{28BE5225-1D6F-41E7-B481-09529306F096} = {D194A3E6-B8AF-4D2D-A270-419BC22D0314}
		{915F93F1-539B-42F9-A268-49E20B77B669} = {02EA681E-C7D8-13C7-8484-4AC65E1B71E8}
		{52D6BAA8-95AC-49DB-B1D5-4231C42F0E0D} = {C2D1EC92-8BC3-4C3A-B3BF-89CEBC9B282E}
		{E082CC64-323B-4395-A486-9026F1460211} = {D194A3E6-B8AF-4D2D-A270-419BC22D0314}
		{98EEAA7D-AAE8-459F-88DE-F45CE846F5D0} = {C2D1EC92-8BC3-4C3A-B3BF-89CEBC9B282E}
		{DC28C02F-CC76-4AFB-A326-CB66A9E05EFB} = {D194A3E6-B8AF-4D2D-A270-419BC22D0314}
		{8C46AAFA-124C-445F-8E1A-C34C692A63B8} = {C2D1EC92-8BC3-4C3A-B3BF-89CEBC9B282E}
		{3F274EDC-AADA-4692-93C7-7D09CDD22A2A} = {D194A3E6-B8AF-4D2D-A270-419BC22D0314}
		{F5B24F79-4958-4FA4-9D6F-BB640E04C0A1} = {C2D1EC92-8BC3-4C3A-B3BF-89CEBC9B282E}
		{8EE1CAF4-5DE0-4917-8C5C-8DD75D23D5FE} = {D194A3E6-B8AF-4D2D-A270-419BC22D0314}
		{B974C699-D79A-481D-87E9-FC670EE3B58E} = {C2D1EC92-8BC3-4C3A-B3BF-89CEBC9B282E}
		{69C99F65-4B43-42F1-8737-9DAB2B382E2B} = {D194A3E6-B8AF-4D2D-A270-419BC22D0314}
		{DBF11C4A-ED4B-4C53-887A-0D7B27971057} = {27E3AEF6-C427-479B-94A2-FF6BE6F866FF}
		{229437EE-7D1B-4B03-B0C1-68EF09B39CCE} = {D194A3E6-B8AF-4D2D-A270-419BC22D0314}
		{67E29F99-2D28-46F8-82FE-6B488DE75C7F} = {27E3AEF6-C427-479B-94A2-FF6BE6F866FF}
		{4DAAF11C-3F91-479E-A74D-108E69BCC4E9} = {D194A3E6-B8AF-4D2D-A270-419BC22D0314}
		{578F348F-349B-4327-A4C3-FDB3F46D7C34} = {27E3AEF6-C427-479B-94A2-FF6BE6F866FF}
		{D1A0D614-E2D0-4399-962A-BE5D02AD5B92} = {D194A3E6-B8AF-4D2D-A270-419BC22D0314}
		{EC9B5E24-C7D9-4068-8671-CE4E54D1C18D} = {283B4E2D-300A-4B85-A0F7-69C01D763AC1}
		{92180795-666D-4EF0-A97B-D85D5FF984B7} = {D194A3E6-B8AF-4D2D-A270-419BC22D0314}
		{5483197A-F32C-4B73-94E4-598DA0983D18} = {283B4E2D-300A-4B85-A0F7-69C01D763AC1}
		{00200B8C-2B35-42E4-8502-6F05FDA7EB66} = {D194A3E6-B8AF-4D2D-A270-419BC22D0314}
		{C712334A-E92D-44B5-9246-B8A2084A669D} = {283B4E2D-300A-4B85-A0F7-69C01D763AC1}
		{E6A1C000-6760-4FE3-BB6A-1E9317A0ED48} = {D194A3E6-B8AF-4D2D-A270-419BC22D0314}
		{A9E282B5-84E8-46DC-A093-5CA09258AC1F} = {283B4E2D-300A-4B85-A0F7-69C01D763AC1}
		{C9EB1132-138A-4B41-B727-7C7927462453} = {283B4E2D-300A-4B85-A0F7-69C01D763AC1}
		{1D7E7C9B-249C-44C6-85F5-905C785B16C5} = {283B4E2D-300A-4B85-A0F7-69C01D763AC1}
		{D2CF32BB-7F58-E4C2-4507-6F6EA0ABC130} = {27E3AEF6-C427-479B-94A2-FF6BE6F866FF}
	EndGlobalSection
	GlobalSection(ExtensibilityGlobals) = postSolution
		SolutionGuid = {86A2DADB-35F4-4D0C-9B88-DC4604218FB5}
	EndGlobalSection
EndGlobal
