
Microsoft Visual Studio Solution File, Format Version 12.00
# Visual Studio Version 17
VisualStudioVersion = 17.11.35303.130
MinimumVisualStudioVersion = 10.0.40219.1
Project("{9A19103F-16F7-4668-BE54-9A1E7A4F7556}") = "Lesson1_ArrayList", "Lesson1_Arraylist\Lesson1_ArrayList.csproj", "{C7EFD9D9-84C8-4E87-B138-B17105E376AB}"
EndProject
Project("{9A19103F-16F7-4668-BE54-9A1E7A4F7556}") = "Lesson1_练习题", "Lesson1_练习题\Lesson1_练习题.csproj", "{6B71A2A3-9EDD-4BEF-AA70-22032685B9A3}"
EndProject
Project("{9A19103F-16F7-4668-BE54-9A1E7A4F7556}") = "Lesson2_Stack", "Lesson2_Stack\Lesson2_Stack.csproj", "{A2266AC4-9AAC-435E-9476-FC1B3FF39304}"
EndProject
Project("{9A19103F-16F7-4668-BE54-9A1E7A4F7556}") = "Lesson2_练习题", "Lesson2_练习题\Lesson2_练习题.csproj", "{0D948C00-699F-40B3-BFE3-B4C7CDB48E43}"
EndProject
Project("{9A19103F-16F7-4668-BE54-9A1E7A4F7556}") = "Lesson3_Queue", "Lesson3_Queue\Lesson3_Queue.csproj", "{5E174A85-5C23-47B3-B139-CF6F3962CB64}"
EndProject
Project("{9A19103F-16F7-4668-BE54-9A1E7A4F7556}") = "Lesson3_练习题", "Lesson3_练习题\Lesson3_练习题.csproj", "{C443E71D-9491-438D-83C2-0E86842C1A01}"
EndProject
Project("{9A19103F-16F7-4668-BE54-9A1E7A4F7556}") = "Lesson4_Hashtable", "Lesson4_Hashtable\Lesson4_Hashtable.csproj", "{A4F6D6C0-581D-477E-B348-A2619A89B54C}"
EndProject
Project("{9A19103F-16F7-4668-BE54-9A1E7A4F7556}") = "Lesson4_练习题", "Lesson4_练习题\Lesson4_练习题.csproj", "{B17D099E-1880-46B2-B288-A5D6348FB84D}"
EndProject
Project("{9A19103F-16F7-4668-BE54-9A1E7A4F7556}") = "Lesson5_泛型", "Lesson5_泛型\Lesson5_泛型.csproj", "{898EA30D-7700-4259-89D2-004655699F0A}"
EndProject
Project("{9A19103F-16F7-4668-BE54-9A1E7A4F7556}") = "Lesson5_练习题", "Lesson5_练习题\Lesson5_练习题.csproj", "{D0A7F108-AFE8-46D2-9A5C-8E4D8E8BA235}"
EndProject
Project("{9A19103F-16F7-4668-BE54-9A1E7A4F7556}") = "Lesson7_List", "Lesson7_List\Lesson7_List.csproj", "{1FFB7078-B2F9-499F-80C2-8A63F3A32D02}"
EndProject
Project("{9A19103F-16F7-4668-BE54-9A1E7A4F7556}") = "Lesson6_泛型约束", "Lesson6_泛型约束\Lesson6_泛型约束.csproj", "{6A98788F-27F2-4491-A418-08B4A702C660}"
EndProject
Project("{9A19103F-16F7-4668-BE54-9A1E7A4F7556}") = "Lesson6_练习题", "Lesson6_练习题\Lesson6_练习题.csproj", "{29D0B026-B8BA-40BC-930A-0D0A5549074F}"
EndProject
Project("{9A19103F-16F7-4668-BE54-9A1E7A4F7556}") = "Lesson7_练习题", "Lesson7_练习题\Lesson7_练习题.csproj", "{CEEC41BC-A474-42A4-BBA1-66F3D50DC5C7}"
EndProject
Project("{9A19103F-16F7-4668-BE54-9A1E7A4F7556}") = "Lesson8_Dictionary", "Lesson8_Dictionary\Lesson8_Dictionary.csproj", "{9491DEC2-0543-4270-90B3-E72FDB5120E3}"
EndProject
Project("{9A19103F-16F7-4668-BE54-9A1E7A4F7556}") = "Lesson8_练习题", "Lesson8_练习题\Lesson8_练习题.csproj", "{F3D71EFD-11D2-4ACE-B056-63C5233A2907}"
EndProject
Project("{9A19103F-16F7-4668-BE54-9A1E7A4F7556}") = "Lesson9_顺序存储和链式存储", "Lesson9_顺序存储和链式存储\Lesson9_顺序存储和链式存储.csproj", "{597F2EF6-A752-4AF4-8B32-293B38F5CD6F}"
EndProject
Project("{9A19103F-16F7-4668-BE54-9A1E7A4F7556}") = "Lesson9_练习题", "Lesson9_练习题\Lesson9_练习题.csproj", "{5D1078D8-B4AD-4639-807A-60792D134FE8}"
EndProject
Project("{9A19103F-16F7-4668-BE54-9A1E7A4F7556}") = "Lesson10_LinkedList", "Lesson10_LinkedList\Lesson10_LinkedList.csproj", "{DFBFC8DE-47D0-4A04-AD00-E4E61D5525D6}"
EndProject
Project("{9A19103F-16F7-4668-BE54-9A1E7A4F7556}") = "Lesson10_练习题", "Lesson10_练习题\Lesson10_练习题.csproj", "{EFBABB79-AA21-4791-8E5D-58280EF12583}"
EndProject
Project("{9A19103F-16F7-4668-BE54-9A1E7A4F7556}") = "Lesson11_泛型栈和队列", "Lesson11_泛型栈和队列\Lesson11_泛型栈和队列.csproj", "{0F935834-09B3-4EDB-8360-F0CA4F66183B}"
EndProject
Project("{9A19103F-16F7-4668-BE54-9A1E7A4F7556}") = "Lesson11_练习题", "Lesson11_练习题\Lesson11_练习题.csproj", "{68C4BC16-D587-47A5-A6CD-E904324ECE31}"
EndProject
Project("{9A19103F-16F7-4668-BE54-9A1E7A4F7556}") = "Lesson12_委托", "Lesson12_委托\Lesson12_委托.csproj", "{37D5799B-3C25-485B-AEF3-8D74AD62C208}"
EndProject
Project("{9A19103F-16F7-4668-BE54-9A1E7A4F7556}") = "Lesson12_练习题", "Lesson12_练习题\Lesson12_练习题.csproj", "{C878BA34-CC61-4A28-B769-F12BA569E18D}"
EndProject
Project("{9A19103F-16F7-4668-BE54-9A1E7A4F7556}") = "Lesson13_事件", "Lesson13_事件\Lesson13_事件.csproj", "{9724847C-885F-4B56-AA24-2041F8CEDF10}"
EndProject
Project("{9A19103F-16F7-4668-BE54-9A1E7A4F7556}") = "Lesson13_练习题", "Lesson13_练习题\Lesson13_练习题.csproj", "{9A13CFFE-2DE8-4129-A7C8-FDD7AA579E6D}"
EndProject
Project("{9A19103F-16F7-4668-BE54-9A1E7A4F7556}") = "Lesson14_匿名函数", "Lesson14_匿名函数\Lesson14_匿名函数.csproj", "{EFA72E51-DA3E-49FD-9B17-9A8887A8BEC4}"
EndProject
Project("{9A19103F-16F7-4668-BE54-9A1E7A4F7556}") = "Lesson14_练习题", "Lesson14_练习题\Lesson14_练习题.csproj", "{6CCC91DF-E947-44A7-A1CD-6E0811933FAF}"
EndProject
Project("{9A19103F-16F7-4668-BE54-9A1E7A4F7556}") = "Lesson15_lambad表达式", "Lesson15_lambad表达式\Lesson15_lambad表达式.csproj", "{AD111216-2A50-4B5A-980C-C84133E96454}"
EndProject
Project("{9A19103F-16F7-4668-BE54-9A1E7A4F7556}") = "Lesson15_练习题", "Lesson15_练习题\Lesson15_练习题.csproj", "{ACAD7462-BB7A-417F-BE84-58D7E5ED4308}"
EndProject
Project("{9A19103F-16F7-4668-BE54-9A1E7A4F7556}") = "Lesson16_List排序", "Lesson16_List排序\Lesson16_List排序.csproj", "{D53DB410-894A-4E64-A891-7D2B4903A55E}"
EndProject
Project("{9A19103F-16F7-4668-BE54-9A1E7A4F7556}") = "Lesson16_练习题", "Lesson16_练习题\Lesson16_练习题.csproj", "{C98310DA-AD48-4431-A4DB-7F836E9B8EE4}"
EndProject
Project("{9A19103F-16F7-4668-BE54-9A1E7A4F7556}") = "Lesson17_协变逆变", "Lesson17_协变逆变\Lesson17_协变逆变.csproj", "{42FD11E0-5A53-4758-B809-A27F31F4B1BA}"
EndProject
Project("{9A19103F-16F7-4668-BE54-9A1E7A4F7556}") = "Lesson17_练习题", "Lesson17_练习题\Lesson17_练习题.csproj", "{FFB9B4C9-2002-4209-AB72-50181A2AFF93}"
EndProject
Project("{9A19103F-16F7-4668-BE54-9A1E7A4F7556}") = "Lesson18_多线程", "Lesson18_多线程\Lesson18_多线程.csproj", "{4A7E4CAD-E0DC-420A-8914-AD8CB963F8A6}"
EndProject
Project("{9A19103F-16F7-4668-BE54-9A1E7A4F7556}") = "Lesson18_练习题", "Lesson18_练习题\Lesson18_练习题.csproj", "{A4F0EE21-9947-4FD6-B2C1-DF4BDBC2A95B}"
EndProject
Project("{9A19103F-16F7-4668-BE54-9A1E7A4F7556}") = "Lesson19_预处理器指令", "Lesson19_预处理指令\Lesson19_预处理器指令.csproj", "{8DA23F19-E106-4961-AA08-E8577E283E21}"
EndProject
Project("{9A19103F-16F7-4668-BE54-9A1E7A4F7556}") = "Lesson19_练习题", "Lesson19_练习题\Lesson19_练习题.csproj", "{5A47A0C1-A000-4378-AA62-D37A4793CFAF}"
EndProject
Project("{9A19103F-16F7-4668-BE54-9A1E7A4F7556}") = "Lesson20_反射", "Lesson20_反射\Lesson20_反射.csproj", "{3126DC5A-07B4-4CF1-922F-13990B109CA5}"
EndProject
Project("{9A19103F-16F7-4668-BE54-9A1E7A4F7556}") = "Lesson20_练习题", "Lesson20_练习题\Lesson20_练习题.csproj", "{22170518-25F9-4B62-874D-FAF6547231A9}"
EndProject
Project("{9A19103F-16F7-4668-BE54-9A1E7A4F7556}") = "类库测试", "类库测试\类库测试.csproj", "{B17EA819-CBE1-4EC3-BB80-152D326310B0}"
EndProject
Project("{9A19103F-16F7-4668-BE54-9A1E7A4F7556}") = "Lesson21_特性", "Lesson21_特性\Lesson21_特性.csproj", "{66B3ECE6-D70B-41E6-98A5-A478A8D53153}"
EndProject
Project("{9A19103F-16F7-4668-BE54-9A1E7A4F7556}") = "Lesson21_练习题", "Lesson21_练习题\Lesson21_练习题.csproj", "{050A5958-E179-4C7B-A181-2C254735D23D}"
EndProject
Project("{9A19103F-16F7-4668-BE54-9A1E7A4F7556}") = "Lesson22_迭代器", "Lesson22_迭代器\Lesson22_迭代器.csproj", "{55D4152F-3B2A-492C-94C6-8660037040FD}"
EndProject
Project("{9A19103F-16F7-4668-BE54-9A1E7A4F7556}") = "Lesson22_练习题", "Lesson22_练习题\Lesson22_练习题.csproj", "{E84FE767-EDC6-4C29-9127-19EAAFFDBDC2}"
EndProject
Project("{9A19103F-16F7-4668-BE54-9A1E7A4F7556}") = "Lesson23_特殊语法", "Lesson23_特殊语法\Lesson23_特殊语法.csproj", "{B50D2D17-6A31-41E4-AD6B-710631D2F1A7}"
EndProject
Project("{9A19103F-16F7-4668-BE54-9A1E7A4F7556}") = "Lesson24_值和引用", "Lesson24_值和引用\Lesson24_值和引用.csproj", "{171769B9-0883-46DA-986B-BF47DDEAB8DE}"
EndProject
Project("{9A19103F-16F7-4668-BE54-9A1E7A4F7556}") = "Lesson25_插入排序", "Lesson25_插入排序\Lesson25_插入排序.csproj", "{EDF2ED8F-2A7C-428D-B664-F72A1682E339}"
EndProject
Project("{FAE04EC0-301F-11D3-BF4B-00C04F79EFBC}") = "Lesson26_希尔排序", "Lesson26_希尔排序\Lesson26_希尔排序.csproj", "{7CC68447-6A3C-413C-82C5-D5ADB9F16CA1}"
EndProject
Project("{FAE04EC0-301F-11D3-BF4B-00C04F79EFBC}") = "Lesson27_归并排序", "Lesson27_归并排序\Lesson27_归并排序.csproj", "{AFA525DB-2BB1-480E-90E5-4631B826A9C9}"
EndProject
Project("{FAE04EC0-301F-11D3-BF4B-00C04F79EFBC}") = "Lesson28_快速排序", "Lesson28_快速排序\Lesson28_快速排序.csproj", "{88D48AC5-39A3-4B48-95DC-091C7240020F}"
EndProject
Project("{FAE04EC0-301F-11D3-BF4B-00C04F79EFBC}") = "Lesson29_堆排序", "Lesson29_堆排序\Lesson29_堆排序.csproj", "{1819F22C-F068-4B9E-AD97-DF9CF5819B2D}"
EndProject
Project("{2150E333-8FDC-42A3-9474-1A3956D46DE8}") = "练习题", "练习题", "{02EA681E-C7D8-13C7-8484-4AC65E1B71E8}"
EndProject
Project("{2150E333-8FDC-42A3-9474-1A3956D46DE8}") = "A Lesson1-9", "A Lesson1-9", "{3149618C-DE68-4337-A361-5D477450104E}"
EndProject
Project("{2150E333-8FDC-42A3-9474-1A3956D46DE8}") = "B Lesson10-19", "B Lesson10-19", "{216DCDBE-BFB5-48F8-A82E-3317B79B5F73}"
EndProject
Project("{2150E333-8FDC-42A3-9474-1A3956D46DE8}") = "C Lesson20-29", "C Lesson20-29", "{D4705B22-63A7-4305-A5B8-D72BB3E184A9}"
EndProject
Global
	GlobalSection(SolutionConfigurationPlatforms) = preSolution
		Debug|Any CPU = Debug|Any CPU
		Release|Any CPU = Release|Any CPU
	EndGlobalSection
	GlobalSection(ProjectConfigurationPlatforms) = postSolution
		{C7EFD9D9-84C8-4E87-B138-B17105E376AB}.Debug|Any CPU.ActiveCfg = Debug|Any CPU
		{C7EFD9D9-84C8-4E87-B138-B17105E376AB}.Debug|Any CPU.Build.0 = Debug|Any CPU
		{C7EFD9D9-84C8-4E87-B138-B17105E376AB}.Release|Any CPU.ActiveCfg = Release|Any CPU
		{C7EFD9D9-84C8-4E87-B138-B17105E376AB}.Release|Any CPU.Build.0 = Release|Any CPU
		{6B71A2A3-9EDD-4BEF-AA70-22032685B9A3}.Debug|Any CPU.ActiveCfg = Debug|Any CPU
		{6B71A2A3-9EDD-4BEF-AA70-22032685B9A3}.Debug|Any CPU.Build.0 = Debug|Any CPU
		{6B71A2A3-9EDD-4BEF-AA70-22032685B9A3}.Release|Any CPU.ActiveCfg = Release|Any CPU
		{6B71A2A3-9EDD-4BEF-AA70-22032685B9A3}.Release|Any CPU.Build.0 = Release|Any CPU
		{A2266AC4-9AAC-435E-9476-FC1B3FF39304}.Debug|Any CPU.ActiveCfg = Debug|Any CPU
		{A2266AC4-9AAC-435E-9476-FC1B3FF39304}.Debug|Any CPU.Build.0 = Debug|Any CPU
		{A2266AC4-9AAC-435E-9476-FC1B3FF39304}.Release|Any CPU.ActiveCfg = Release|Any CPU
		{A2266AC4-9AAC-435E-9476-FC1B3FF39304}.Release|Any CPU.Build.0 = Release|Any CPU
		{0D948C00-699F-40B3-BFE3-B4C7CDB48E43}.Debug|Any CPU.ActiveCfg = Debug|Any CPU
		{0D948C00-699F-40B3-BFE3-B4C7CDB48E43}.Debug|Any CPU.Build.0 = Debug|Any CPU
		{0D948C00-699F-40B3-BFE3-B4C7CDB48E43}.Release|Any CPU.ActiveCfg = Release|Any CPU
		{0D948C00-699F-40B3-BFE3-B4C7CDB48E43}.Release|Any CPU.Build.0 = Release|Any CPU
		{5E174A85-5C23-47B3-B139-CF6F3962CB64}.Debug|Any CPU.ActiveCfg = Debug|Any CPU
		{5E174A85-5C23-47B3-B139-CF6F3962CB64}.Debug|Any CPU.Build.0 = Debug|Any CPU
		{5E174A85-5C23-47B3-B139-CF6F3962CB64}.Release|Any CPU.ActiveCfg = Release|Any CPU
		{5E174A85-5C23-47B3-B139-CF6F3962CB64}.Release|Any CPU.Build.0 = Release|Any CPU
		{C443E71D-9491-438D-83C2-0E86842C1A01}.Debug|Any CPU.ActiveCfg = Debug|Any CPU
		{C443E71D-9491-438D-83C2-0E86842C1A01}.Debug|Any CPU.Build.0 = Debug|Any CPU
		{C443E71D-9491-438D-83C2-0E86842C1A01}.Release|Any CPU.ActiveCfg = Release|Any CPU
		{C443E71D-9491-438D-83C2-0E86842C1A01}.Release|Any CPU.Build.0 = Release|Any CPU
		{A4F6D6C0-581D-477E-B348-A2619A89B54C}.Debug|Any CPU.ActiveCfg = Debug|Any CPU
		{A4F6D6C0-581D-477E-B348-A2619A89B54C}.Debug|Any CPU.Build.0 = Debug|Any CPU
		{A4F6D6C0-581D-477E-B348-A2619A89B54C}.Release|Any CPU.ActiveCfg = Release|Any CPU
		{A4F6D6C0-581D-477E-B348-A2619A89B54C}.Release|Any CPU.Build.0 = Release|Any CPU
		{B17D099E-1880-46B2-B288-A5D6348FB84D}.Debug|Any CPU.ActiveCfg = Debug|Any CPU
		{B17D099E-1880-46B2-B288-A5D6348FB84D}.Debug|Any CPU.Build.0 = Debug|Any CPU
		{B17D099E-1880-46B2-B288-A5D6348FB84D}.Release|Any CPU.ActiveCfg = Release|Any CPU
		{B17D099E-1880-46B2-B288-A5D6348FB84D}.Release|Any CPU.Build.0 = Release|Any CPU
		{898EA30D-7700-4259-89D2-004655699F0A}.Debug|Any CPU.ActiveCfg = Debug|Any CPU
		{898EA30D-7700-4259-89D2-004655699F0A}.Debug|Any CPU.Build.0 = Debug|Any CPU
		{898EA30D-7700-4259-89D2-004655699F0A}.Release|Any CPU.ActiveCfg = Release|Any CPU
		{898EA30D-7700-4259-89D2-004655699F0A}.Release|Any CPU.Build.0 = Release|Any CPU
		{D0A7F108-AFE8-46D2-9A5C-8E4D8E8BA235}.Debug|Any CPU.ActiveCfg = Debug|Any CPU
		{D0A7F108-AFE8-46D2-9A5C-8E4D8E8BA235}.Debug|Any CPU.Build.0 = Debug|Any CPU
		{D0A7F108-AFE8-46D2-9A5C-8E4D8E8BA235}.Release|Any CPU.ActiveCfg = Release|Any CPU
		{D0A7F108-AFE8-46D2-9A5C-8E4D8E8BA235}.Release|Any CPU.Build.0 = Release|Any CPU
		{1FFB7078-B2F9-499F-80C2-8A63F3A32D02}.Debug|Any CPU.ActiveCfg = Debug|Any CPU
		{1FFB7078-B2F9-499F-80C2-8A63F3A32D02}.Debug|Any CPU.Build.0 = Debug|Any CPU
		{1FFB7078-B2F9-499F-80C2-8A63F3A32D02}.Release|Any CPU.ActiveCfg = Release|Any CPU
		{1FFB7078-B2F9-499F-80C2-8A63F3A32D02}.Release|Any CPU.Build.0 = Release|Any CPU
		{6A98788F-27F2-4491-A418-08B4A702C660}.Debug|Any CPU.ActiveCfg = Debug|Any CPU
		{6A98788F-27F2-4491-A418-08B4A702C660}.Debug|Any CPU.Build.0 = Debug|Any CPU
		{6A98788F-27F2-4491-A418-08B4A702C660}.Release|Any CPU.ActiveCfg = Release|Any CPU
		{6A98788F-27F2-4491-A418-08B4A702C660}.Release|Any CPU.Build.0 = Release|Any CPU
		{29D0B026-B8BA-40BC-930A-0D0A5549074F}.Debug|Any CPU.ActiveCfg = Debug|Any CPU
		{29D0B026-B8BA-40BC-930A-0D0A5549074F}.Debug|Any CPU.Build.0 = Debug|Any CPU
		{29D0B026-B8BA-40BC-930A-0D0A5549074F}.Release|Any CPU.ActiveCfg = Release|Any CPU
		{29D0B026-B8BA-40BC-930A-0D0A5549074F}.Release|Any CPU.Build.0 = Release|Any CPU
		{CEEC41BC-A474-42A4-BBA1-66F3D50DC5C7}.Debug|Any CPU.ActiveCfg = Debug|Any CPU
		{CEEC41BC-A474-42A4-BBA1-66F3D50DC5C7}.Debug|Any CPU.Build.0 = Debug|Any CPU
		{CEEC41BC-A474-42A4-BBA1-66F3D50DC5C7}.Release|Any CPU.ActiveCfg = Release|Any CPU
		{CEEC41BC-A474-42A4-BBA1-66F3D50DC5C7}.Release|Any CPU.Build.0 = Release|Any CPU
		{9491DEC2-0543-4270-90B3-E72FDB5120E3}.Debug|Any CPU.ActiveCfg = Debug|Any CPU
		{9491DEC2-0543-4270-90B3-E72FDB5120E3}.Debug|Any CPU.Build.0 = Debug|Any CPU
		{9491DEC2-0543-4270-90B3-E72FDB5120E3}.Release|Any CPU.ActiveCfg = Release|Any CPU
		{9491DEC2-0543-4270-90B3-E72FDB5120E3}.Release|Any CPU.Build.0 = Release|Any CPU
		{F3D71EFD-11D2-4ACE-B056-63C5233A2907}.Debug|Any CPU.ActiveCfg = Debug|Any CPU
		{F3D71EFD-11D2-4ACE-B056-63C5233A2907}.Debug|Any CPU.Build.0 = Debug|Any CPU
		{F3D71EFD-11D2-4ACE-B056-63C5233A2907}.Release|Any CPU.ActiveCfg = Release|Any CPU
		{F3D71EFD-11D2-4ACE-B056-63C5233A2907}.Release|Any CPU.Build.0 = Release|Any CPU
		{597F2EF6-A752-4AF4-8B32-293B38F5CD6F}.Debug|Any CPU.ActiveCfg = Debug|Any CPU
		{597F2EF6-A752-4AF4-8B32-293B38F5CD6F}.Debug|Any CPU.Build.0 = Debug|Any CPU
		{597F2EF6-A752-4AF4-8B32-293B38F5CD6F}.Release|Any CPU.ActiveCfg = Release|Any CPU
		{597F2EF6-A752-4AF4-8B32-293B38F5CD6F}.Release|Any CPU.Build.0 = Release|Any CPU
		{5D1078D8-B4AD-4639-807A-60792D134FE8}.Debug|Any CPU.ActiveCfg = Debug|Any CPU
		{5D1078D8-B4AD-4639-807A-60792D134FE8}.Debug|Any CPU.Build.0 = Debug|Any CPU
		{5D1078D8-B4AD-4639-807A-60792D134FE8}.Release|Any CPU.ActiveCfg = Release|Any CPU
		{5D1078D8-B4AD-4639-807A-60792D134FE8}.Release|Any CPU.Build.0 = Release|Any CPU
		{DFBFC8DE-47D0-4A04-AD00-E4E61D5525D6}.Debug|Any CPU.ActiveCfg = Debug|Any CPU
		{DFBFC8DE-47D0-4A04-AD00-E4E61D5525D6}.Debug|Any CPU.Build.0 = Debug|Any CPU
		{DFBFC8DE-47D0-4A04-AD00-E4E61D5525D6}.Release|Any CPU.ActiveCfg = Release|Any CPU
		{DFBFC8DE-47D0-4A04-AD00-E4E61D5525D6}.Release|Any CPU.Build.0 = Release|Any CPU
		{EFBABB79-AA21-4791-8E5D-58280EF12583}.Debug|Any CPU.ActiveCfg = Debug|Any CPU
		{EFBABB79-AA21-4791-8E5D-58280EF12583}.Debug|Any CPU.Build.0 = Debug|Any CPU
		{EFBABB79-AA21-4791-8E5D-58280EF12583}.Release|Any CPU.ActiveCfg = Release|Any CPU
		{EFBABB79-AA21-4791-8E5D-58280EF12583}.Release|Any CPU.Build.0 = Release|Any CPU
		{0F935834-09B3-4EDB-8360-F0CA4F66183B}.Debug|Any CPU.ActiveCfg = Debug|Any CPU
		{0F935834-09B3-4EDB-8360-F0CA4F66183B}.Debug|Any CPU.Build.0 = Debug|Any CPU
		{0F935834-09B3-4EDB-8360-F0CA4F66183B}.Release|Any CPU.ActiveCfg = Release|Any CPU
		{0F935834-09B3-4EDB-8360-F0CA4F66183B}.Release|Any CPU.Build.0 = Release|Any CPU
		{68C4BC16-D587-47A5-A6CD-E904324ECE31}.Debug|Any CPU.ActiveCfg = Debug|Any CPU
		{68C4BC16-D587-47A5-A6CD-E904324ECE31}.Debug|Any CPU.Build.0 = Debug|Any CPU
		{68C4BC16-D587-47A5-A6CD-E904324ECE31}.Release|Any CPU.ActiveCfg = Release|Any CPU
		{68C4BC16-D587-47A5-A6CD-E904324ECE31}.Release|Any CPU.Build.0 = Release|Any CPU
		{37D5799B-3C25-485B-AEF3-8D74AD62C208}.Debug|Any CPU.ActiveCfg = Debug|Any CPU
		{37D5799B-3C25-485B-AEF3-8D74AD62C208}.Debug|Any CPU.Build.0 = Debug|Any CPU
		{37D5799B-3C25-485B-AEF3-8D74AD62C208}.Release|Any CPU.ActiveCfg = Release|Any CPU
		{37D5799B-3C25-485B-AEF3-8D74AD62C208}.Release|Any CPU.Build.0 = Release|Any CPU
		{C878BA34-CC61-4A28-B769-F12BA569E18D}.Debug|Any CPU.ActiveCfg = Debug|Any CPU
		{C878BA34-CC61-4A28-B769-F12BA569E18D}.Debug|Any CPU.Build.0 = Debug|Any CPU
		{C878BA34-CC61-4A28-B769-F12BA569E18D}.Release|Any CPU.ActiveCfg = Release|Any CPU
		{C878BA34-CC61-4A28-B769-F12BA569E18D}.Release|Any CPU.Build.0 = Release|Any CPU
		{9724847C-885F-4B56-AA24-2041F8CEDF10}.Debug|Any CPU.ActiveCfg = Debug|Any CPU
		{9724847C-885F-4B56-AA24-2041F8CEDF10}.Debug|Any CPU.Build.0 = Debug|Any CPU
		{9724847C-885F-4B56-AA24-2041F8CEDF10}.Release|Any CPU.ActiveCfg = Release|Any CPU
		{9724847C-885F-4B56-AA24-2041F8CEDF10}.Release|Any CPU.Build.0 = Release|Any CPU
		{9A13CFFE-2DE8-4129-A7C8-FDD7AA579E6D}.Debug|Any CPU.ActiveCfg = Debug|Any CPU
		{9A13CFFE-2DE8-4129-A7C8-FDD7AA579E6D}.Debug|Any CPU.Build.0 = Debug|Any CPU
		{9A13CFFE-2DE8-4129-A7C8-FDD7AA579E6D}.Release|Any CPU.ActiveCfg = Release|Any CPU
		{9A13CFFE-2DE8-4129-A7C8-FDD7AA579E6D}.Release|Any CPU.Build.0 = Release|Any CPU
		{EFA72E51-DA3E-49FD-9B17-9A8887A8BEC4}.Debug|Any CPU.ActiveCfg = Debug|Any CPU
		{EFA72E51-DA3E-49FD-9B17-9A8887A8BEC4}.Debug|Any CPU.Build.0 = Debug|Any CPU
		{EFA72E51-DA3E-49FD-9B17-9A8887A8BEC4}.Release|Any CPU.ActiveCfg = Release|Any CPU
		{EFA72E51-DA3E-49FD-9B17-9A8887A8BEC4}.Release|Any CPU.Build.0 = Release|Any CPU
		{6CCC91DF-E947-44A7-A1CD-6E0811933FAF}.Debug|Any CPU.ActiveCfg = Debug|Any CPU
		{6CCC91DF-E947-44A7-A1CD-6E0811933FAF}.Debug|Any CPU.Build.0 = Debug|Any CPU
		{6CCC91DF-E947-44A7-A1CD-6E0811933FAF}.Release|Any CPU.ActiveCfg = Release|Any CPU
		{6CCC91DF-E947-44A7-A1CD-6E0811933FAF}.Release|Any CPU.Build.0 = Release|Any CPU
		{AD111216-2A50-4B5A-980C-C84133E96454}.Debug|Any CPU.ActiveCfg = Debug|Any CPU
		{AD111216-2A50-4B5A-980C-C84133E96454}.Debug|Any CPU.Build.0 = Debug|Any CPU
		{AD111216-2A50-4B5A-980C-C84133E96454}.Release|Any CPU.ActiveCfg = Release|Any CPU
		{AD111216-2A50-4B5A-980C-C84133E96454}.Release|Any CPU.Build.0 = Release|Any CPU
		{ACAD7462-BB7A-417F-BE84-58D7E5ED4308}.Debug|Any CPU.ActiveCfg = Debug|Any CPU
		{ACAD7462-BB7A-417F-BE84-58D7E5ED4308}.Debug|Any CPU.Build.0 = Debug|Any CPU
		{ACAD7462-BB7A-417F-BE84-58D7E5ED4308}.Release|Any CPU.ActiveCfg = Release|Any CPU
		{ACAD7462-BB7A-417F-BE84-58D7E5ED4308}.Release|Any CPU.Build.0 = Release|Any CPU
		{D53DB410-894A-4E64-A891-7D2B4903A55E}.Debug|Any CPU.ActiveCfg = Debug|Any CPU
		{D53DB410-894A-4E64-A891-7D2B4903A55E}.Debug|Any CPU.Build.0 = Debug|Any CPU
		{D53DB410-894A-4E64-A891-7D2B4903A55E}.Release|Any CPU.ActiveCfg = Release|Any CPU
		{D53DB410-894A-4E64-A891-7D2B4903A55E}.Release|Any CPU.Build.0 = Release|Any CPU
		{C98310DA-AD48-4431-A4DB-7F836E9B8EE4}.Debug|Any CPU.ActiveCfg = Debug|Any CPU
		{C98310DA-AD48-4431-A4DB-7F836E9B8EE4}.Debug|Any CPU.Build.0 = Debug|Any CPU
		{C98310DA-AD48-4431-A4DB-7F836E9B8EE4}.Release|Any CPU.ActiveCfg = Release|Any CPU
		{C98310DA-AD48-4431-A4DB-7F836E9B8EE4}.Release|Any CPU.Build.0 = Release|Any CPU
		{42FD11E0-5A53-4758-B809-A27F31F4B1BA}.Debug|Any CPU.ActiveCfg = Debug|Any CPU
		{42FD11E0-5A53-4758-B809-A27F31F4B1BA}.Debug|Any CPU.Build.0 = Debug|Any CPU
		{42FD11E0-5A53-4758-B809-A27F31F4B1BA}.Release|Any CPU.ActiveCfg = Release|Any CPU
		{42FD11E0-5A53-4758-B809-A27F31F4B1BA}.Release|Any CPU.Build.0 = Release|Any CPU
		{FFB9B4C9-2002-4209-AB72-50181A2AFF93}.Debug|Any CPU.ActiveCfg = Debug|Any CPU
		{FFB9B4C9-2002-4209-AB72-50181A2AFF93}.Debug|Any CPU.Build.0 = Debug|Any CPU
		{FFB9B4C9-2002-4209-AB72-50181A2AFF93}.Release|Any CPU.ActiveCfg = Release|Any CPU
		{FFB9B4C9-2002-4209-AB72-50181A2AFF93}.Release|Any CPU.Build.0 = Release|Any CPU
		{4A7E4CAD-E0DC-420A-8914-AD8CB963F8A6}.Debug|Any CPU.ActiveCfg = Debug|Any CPU
		{4A7E4CAD-E0DC-420A-8914-AD8CB963F8A6}.Debug|Any CPU.Build.0 = Debug|Any CPU
		{4A7E4CAD-E0DC-420A-8914-AD8CB963F8A6}.Release|Any CPU.ActiveCfg = Release|Any CPU
		{4A7E4CAD-E0DC-420A-8914-AD8CB963F8A6}.Release|Any CPU.Build.0 = Release|Any CPU
		{A4F0EE21-9947-4FD6-B2C1-DF4BDBC2A95B}.Debug|Any CPU.ActiveCfg = Debug|Any CPU
		{A4F0EE21-9947-4FD6-B2C1-DF4BDBC2A95B}.Debug|Any CPU.Build.0 = Debug|Any CPU
		{A4F0EE21-9947-4FD6-B2C1-DF4BDBC2A95B}.Release|Any CPU.ActiveCfg = Release|Any CPU
		{A4F0EE21-9947-4FD6-B2C1-DF4BDBC2A95B}.Release|Any CPU.Build.0 = Release|Any CPU
		{8DA23F19-E106-4961-AA08-E8577E283E21}.Debug|Any CPU.ActiveCfg = Debug|Any CPU
		{8DA23F19-E106-4961-AA08-E8577E283E21}.Debug|Any CPU.Build.0 = Debug|Any CPU
		{8DA23F19-E106-4961-AA08-E8577E283E21}.Release|Any CPU.ActiveCfg = Release|Any CPU
		{8DA23F19-E106-4961-AA08-E8577E283E21}.Release|Any CPU.Build.0 = Release|Any CPU
		{5A47A0C1-A000-4378-AA62-D37A4793CFAF}.Debug|Any CPU.ActiveCfg = Debug|Any CPU
		{5A47A0C1-A000-4378-AA62-D37A4793CFAF}.Debug|Any CPU.Build.0 = Debug|Any CPU
		{5A47A0C1-A000-4378-AA62-D37A4793CFAF}.Release|Any CPU.ActiveCfg = Release|Any CPU
		{5A47A0C1-A000-4378-AA62-D37A4793CFAF}.Release|Any CPU.Build.0 = Release|Any CPU
		{3126DC5A-07B4-4CF1-922F-13990B109CA5}.Debug|Any CPU.ActiveCfg = Debug|Any CPU
		{3126DC5A-07B4-4CF1-922F-13990B109CA5}.Debug|Any CPU.Build.0 = Debug|Any CPU
		{3126DC5A-07B4-4CF1-922F-13990B109CA5}.Release|Any CPU.ActiveCfg = Release|Any CPU
		{3126DC5A-07B4-4CF1-922F-13990B109CA5}.Release|Any CPU.Build.0 = Release|Any CPU
		{22170518-25F9-4B62-874D-FAF6547231A9}.Debug|Any CPU.ActiveCfg = Debug|Any CPU
		{22170518-25F9-4B62-874D-FAF6547231A9}.Debug|Any CPU.Build.0 = Debug|Any CPU
		{22170518-25F9-4B62-874D-FAF6547231A9}.Release|Any CPU.ActiveCfg = Release|Any CPU
		{22170518-25F9-4B62-874D-FAF6547231A9}.Release|Any CPU.Build.0 = Release|Any CPU
		{B17EA819-CBE1-4EC3-BB80-152D326310B0}.Debug|Any CPU.ActiveCfg = Debug|Any CPU
		{B17EA819-CBE1-4EC3-BB80-152D326310B0}.Debug|Any CPU.Build.0 = Debug|Any CPU
		{B17EA819-CBE1-4EC3-BB80-152D326310B0}.Release|Any CPU.ActiveCfg = Release|Any CPU
		{B17EA819-CBE1-4EC3-BB80-152D326310B0}.Release|Any CPU.Build.0 = Release|Any CPU
		{66B3ECE6-D70B-41E6-98A5-A478A8D53153}.Debug|Any CPU.ActiveCfg = Debug|Any CPU
		{66B3ECE6-D70B-41E6-98A5-A478A8D53153}.Debug|Any CPU.Build.0 = Debug|Any CPU
		{66B3ECE6-D70B-41E6-98A5-A478A8D53153}.Release|Any CPU.ActiveCfg = Release|Any CPU
		{66B3ECE6-D70B-41E6-98A5-A478A8D53153}.Release|Any CPU.Build.0 = Release|Any CPU
		{050A5958-E179-4C7B-A181-2C254735D23D}.Debug|Any CPU.ActiveCfg = Debug|Any CPU
		{050A5958-E179-4C7B-A181-2C254735D23D}.Debug|Any CPU.Build.0 = Debug|Any CPU
		{050A5958-E179-4C7B-A181-2C254735D23D}.Release|Any CPU.ActiveCfg = Release|Any CPU
		{050A5958-E179-4C7B-A181-2C254735D23D}.Release|Any CPU.Build.0 = Release|Any CPU
		{55D4152F-3B2A-492C-94C6-8660037040FD}.Debug|Any CPU.ActiveCfg = Debug|Any CPU
		{55D4152F-3B2A-492C-94C6-8660037040FD}.Debug|Any CPU.Build.0 = Debug|Any CPU
		{55D4152F-3B2A-492C-94C6-8660037040FD}.Release|Any CPU.ActiveCfg = Release|Any CPU
		{55D4152F-3B2A-492C-94C6-8660037040FD}.Release|Any CPU.Build.0 = Release|Any CPU
		{E84FE767-EDC6-4C29-9127-19EAAFFDBDC2}.Debug|Any CPU.ActiveCfg = Debug|Any CPU
		{E84FE767-EDC6-4C29-9127-19EAAFFDBDC2}.Debug|Any CPU.Build.0 = Debug|Any CPU
		{E84FE767-EDC6-4C29-9127-19EAAFFDBDC2}.Release|Any CPU.ActiveCfg = Release|Any CPU
		{E84FE767-EDC6-4C29-9127-19EAAFFDBDC2}.Release|Any CPU.Build.0 = Release|Any CPU
		{B50D2D17-6A31-41E4-AD6B-710631D2F1A7}.Debug|Any CPU.ActiveCfg = Debug|Any CPU
		{B50D2D17-6A31-41E4-AD6B-710631D2F1A7}.Debug|Any CPU.Build.0 = Debug|Any CPU
		{B50D2D17-6A31-41E4-AD6B-710631D2F1A7}.Release|Any CPU.ActiveCfg = Release|Any CPU
		{B50D2D17-6A31-41E4-AD6B-710631D2F1A7}.Release|Any CPU.Build.0 = Release|Any CPU
		{171769B9-0883-46DA-986B-BF47DDEAB8DE}.Debug|Any CPU.ActiveCfg = Debug|Any CPU
		{171769B9-0883-46DA-986B-BF47DDEAB8DE}.Debug|Any CPU.Build.0 = Debug|Any CPU
		{171769B9-0883-46DA-986B-BF47DDEAB8DE}.Release|Any CPU.ActiveCfg = Release|Any CPU
		{171769B9-0883-46DA-986B-BF47DDEAB8DE}.Release|Any CPU.Build.0 = Release|Any CPU
		{EDF2ED8F-2A7C-428D-B664-F72A1682E339}.Debug|Any CPU.ActiveCfg = Debug|Any CPU
		{EDF2ED8F-2A7C-428D-B664-F72A1682E339}.Debug|Any CPU.Build.0 = Debug|Any CPU
		{EDF2ED8F-2A7C-428D-B664-F72A1682E339}.Release|Any CPU.ActiveCfg = Release|Any CPU
		{EDF2ED8F-2A7C-428D-B664-F72A1682E339}.Release|Any CPU.Build.0 = Release|Any CPU
		{7CC68447-6A3C-413C-82C5-D5ADB9F16CA1}.Debug|Any CPU.ActiveCfg = Debug|Any CPU
		{7CC68447-6A3C-413C-82C5-D5ADB9F16CA1}.Debug|Any CPU.Build.0 = Debug|Any CPU
		{7CC68447-6A3C-413C-82C5-D5ADB9F16CA1}.Release|Any CPU.ActiveCfg = Release|Any CPU
		{7CC68447-6A3C-413C-82C5-D5ADB9F16CA1}.Release|Any CPU.Build.0 = Release|Any CPU
		{AFA525DB-2BB1-480E-90E5-4631B826A9C9}.Debug|Any CPU.ActiveCfg = Debug|Any CPU
		{AFA525DB-2BB1-480E-90E5-4631B826A9C9}.Debug|Any CPU.Build.0 = Debug|Any CPU
		{AFA525DB-2BB1-480E-90E5-4631B826A9C9}.Release|Any CPU.ActiveCfg = Release|Any CPU
		{AFA525DB-2BB1-480E-90E5-4631B826A9C9}.Release|Any CPU.Build.0 = Release|Any CPU
		{88D48AC5-39A3-4B48-95DC-091C7240020F}.Debug|Any CPU.ActiveCfg = Debug|Any CPU
		{88D48AC5-39A3-4B48-95DC-091C7240020F}.Debug|Any CPU.Build.0 = Debug|Any CPU
		{88D48AC5-39A3-4B48-95DC-091C7240020F}.Release|Any CPU.ActiveCfg = Release|Any CPU
		{88D48AC5-39A3-4B48-95DC-091C7240020F}.Release|Any CPU.Build.0 = Release|Any CPU
		{1819F22C-F068-4B9E-AD97-DF9CF5819B2D}.Debug|Any CPU.ActiveCfg = Debug|Any CPU
		{1819F22C-F068-4B9E-AD97-DF9CF5819B2D}.Debug|Any CPU.Build.0 = Debug|Any CPU
		{1819F22C-F068-4B9E-AD97-DF9CF5819B2D}.Release|Any CPU.ActiveCfg = Release|Any CPU
		{1819F22C-F068-4B9E-AD97-DF9CF5819B2D}.Release|Any CPU.Build.0 = Release|Any CPU
	EndGlobalSection
	GlobalSection(SolutionProperties) = preSolution
		HideSolutionNode = FALSE
	EndGlobalSection
	GlobalSection(NestedProjects) = preSolution
		{C7EFD9D9-84C8-4E87-B138-B17105E376AB} = {3149618C-DE68-4337-A361-5D477450104E}
		{6B71A2A3-9EDD-4BEF-AA70-22032685B9A3} = {02EA681E-C7D8-13C7-8484-4AC65E1B71E8}
		{A2266AC4-9AAC-435E-9476-FC1B3FF39304} = {3149618C-DE68-4337-A361-5D477450104E}
		{0D948C00-699F-40B3-BFE3-B4C7CDB48E43} = {02EA681E-C7D8-13C7-8484-4AC65E1B71E8}
		{5E174A85-5C23-47B3-B139-CF6F3962CB64} = {3149618C-DE68-4337-A361-5D477450104E}
		{C443E71D-9491-438D-83C2-0E86842C1A01} = {02EA681E-C7D8-13C7-8484-4AC65E1B71E8}
		{A4F6D6C0-581D-477E-B348-A2619A89B54C} = {3149618C-DE68-4337-A361-5D477450104E}
		{B17D099E-1880-46B2-B288-A5D6348FB84D} = {02EA681E-C7D8-13C7-8484-4AC65E1B71E8}
		{898EA30D-7700-4259-89D2-004655699F0A} = {3149618C-DE68-4337-A361-5D477450104E}
		{D0A7F108-AFE8-46D2-9A5C-8E4D8E8BA235} = {02EA681E-C7D8-13C7-8484-4AC65E1B71E8}
		{1FFB7078-B2F9-499F-80C2-8A63F3A32D02} = {3149618C-DE68-4337-A361-5D477450104E}
		{6A98788F-27F2-4491-A418-08B4A702C660} = {3149618C-DE68-4337-A361-5D477450104E}
		{29D0B026-B8BA-40BC-930A-0D0A5549074F} = {02EA681E-C7D8-13C7-8484-4AC65E1B71E8}
		{CEEC41BC-A474-42A4-BBA1-66F3D50DC5C7} = {02EA681E-C7D8-13C7-8484-4AC65E1B71E8}
		{9491DEC2-0543-4270-90B3-E72FDB5120E3} = {3149618C-DE68-4337-A361-5D477450104E}
		{F3D71EFD-11D2-4ACE-B056-63C5233A2907} = {02EA681E-C7D8-13C7-8484-4AC65E1B71E8}
		{597F2EF6-A752-4AF4-8B32-293B38F5CD6F} = {3149618C-DE68-4337-A361-5D477450104E}
		{5D1078D8-B4AD-4639-807A-60792D134FE8} = {02EA681E-C7D8-13C7-8484-4AC65E1B71E8}
		{DFBFC8DE-47D0-4A04-AD00-E4E61D5525D6} = {216DCDBE-BFB5-48F8-A82E-3317B79B5F73}
		{EFBABB79-AA21-4791-8E5D-58280EF12583} = {02EA681E-C7D8-13C7-8484-4AC65E1B71E8}
		{0F935834-09B3-4EDB-8360-F0CA4F66183B} = {216DCDBE-BFB5-48F8-A82E-3317B79B5F73}
		{68C4BC16-D587-47A5-A6CD-E904324ECE31} = {02EA681E-C7D8-13C7-8484-4AC65E1B71E8}
		{37D5799B-3C25-485B-AEF3-8D74AD62C208} = {216DCDBE-BFB5-48F8-A82E-3317B79B5F73}
		{C878BA34-CC61-4A28-B769-F12BA569E18D} = {02EA681E-C7D8-13C7-8484-4AC65E1B71E8}
		{9724847C-885F-4B56-AA24-2041F8CEDF10} = {216DCDBE-BFB5-48F8-A82E-3317B79B5F73}
		{9A13CFFE-2DE8-4129-A7C8-FDD7AA579E6D} = {02EA681E-C7D8-13C7-8484-4AC65E1B71E8}
		{EFA72E51-DA3E-49FD-9B17-9A8887A8BEC4} = {216DCDBE-BFB5-48F8-A82E-3317B79B5F73}
		{6CCC91DF-E947-44A7-A1CD-6E0811933FAF} = {02EA681E-C7D8-13C7-8484-4AC65E1B71E8}
		{AD111216-2A50-4B5A-980C-C84133E96454} = {216DCDBE-BFB5-48F8-A82E-3317B79B5F73}
		{ACAD7462-BB7A-417F-BE84-58D7E5ED4308} = {02EA681E-C7D8-13C7-8484-4AC65E1B71E8}
		{D53DB410-894A-4E64-A891-7D2B4903A55E} = {216DCDBE-BFB5-48F8-A82E-3317B79B5F73}
		{C98310DA-AD48-4431-A4DB-7F836E9B8EE4} = {02EA681E-C7D8-13C7-8484-4AC65E1B71E8}
		{42FD11E0-5A53-4758-B809-A27F31F4B1BA} = {216DCDBE-BFB5-48F8-A82E-3317B79B5F73}
		{FFB9B4C9-2002-4209-AB72-50181A2AFF93} = {02EA681E-C7D8-13C7-8484-4AC65E1B71E8}
		{4A7E4CAD-E0DC-420A-8914-AD8CB963F8A6} = {216DCDBE-BFB5-48F8-A82E-3317B79B5F73}
		{A4F0EE21-9947-4FD6-B2C1-DF4BDBC2A95B} = {02EA681E-C7D8-13C7-8484-4AC65E1B71E8}
		{8DA23F19-E106-4961-AA08-E8577E283E21} = {216DCDBE-BFB5-48F8-A82E-3317B79B5F73}
		{5A47A0C1-A000-4378-AA62-D37A4793CFAF} = {02EA681E-C7D8-13C7-8484-4AC65E1B71E8}
		{3126DC5A-07B4-4CF1-922F-13990B109CA5} = {D4705B22-63A7-4305-A5B8-D72BB3E184A9}
		{22170518-25F9-4B62-874D-FAF6547231A9} = {02EA681E-C7D8-13C7-8484-4AC65E1B71E8}
		{66B3ECE6-D70B-41E6-98A5-A478A8D53153} = {D4705B22-63A7-4305-A5B8-D72BB3E184A9}
		{050A5958-E179-4C7B-A181-2C254735D23D} = {02EA681E-C7D8-13C7-8484-4AC65E1B71E8}
		{55D4152F-3B2A-492C-94C6-8660037040FD} = {D4705B22-63A7-4305-A5B8-D72BB3E184A9}
		{E84FE767-EDC6-4C29-9127-19EAAFFDBDC2} = {02EA681E-C7D8-13C7-8484-4AC65E1B71E8}
		{B50D2D17-6A31-41E4-AD6B-710631D2F1A7} = {D4705B22-63A7-4305-A5B8-D72BB3E184A9}
		{171769B9-0883-46DA-986B-BF47DDEAB8DE} = {D4705B22-63A7-4305-A5B8-D72BB3E184A9}
		{EDF2ED8F-2A7C-428D-B664-F72A1682E339} = {D4705B22-63A7-4305-A5B8-D72BB3E184A9}
		{7CC68447-6A3C-413C-82C5-D5ADB9F16CA1} = {D4705B22-63A7-4305-A5B8-D72BB3E184A9}
		{AFA525DB-2BB1-480E-90E5-4631B826A9C9} = {D4705B22-63A7-4305-A5B8-D72BB3E184A9}
		{88D48AC5-39A3-4B48-95DC-091C7240020F} = {D4705B22-63A7-4305-A5B8-D72BB3E184A9}
		{1819F22C-F068-4B9E-AD97-DF9CF5819B2D} = {D4705B22-63A7-4305-A5B8-D72BB3E184A9}
	EndGlobalSection
	GlobalSection(ExtensibilityGlobals) = postSolution
		SolutionGuid = {67007A42-46DE-415E-BA75-B47F9204E42F}
	EndGlobalSection
EndGlobal
